
Microsoft Visual Studio Solution File, Format Version 12.00
# Visual Studio 15
VisualStudioVersion = 15.0.27004.2009
MinimumVisualStudioVersion = 10.0.40219.1
Project("{FAE04EC0-301F-11D3-BF4B-00C04F79EFBC}") = "AngularTemplates", "AngularTemplates\AngularTemplates.csproj", "{A50383F4-3FB9-45CF-85D9-AA9FADD55647}"
EndProject
Project("{E24C65DC-7377-472B-9ABA-BC803B73C61A}") = "AngularTemplate", "AngularTemplate\", "{CDC0ED9F-F13F-4F04-87D2-28CA82012F0E}"
	ProjectSection(WebsiteProperties) = preProject
		TargetFrameworkMoniker = ".NETFramework,Version%3Dv4.0"
		Debug.AspNetCompiler.VirtualPath = "/localhost_51074"
		Debug.AspNetCompiler.PhysicalPath = "AngularTemplate\"
		Debug.AspNetCompiler.TargetPath = "PrecompiledWeb\localhost_51074\"
		Debug.AspNetCompiler.Updateable = "true"
		Debug.AspNetCompiler.ForceOverwrite = "true"
		Debug.AspNetCompiler.FixedNames = "false"
		Debug.AspNetCompiler.Debug = "True"
		Release.AspNetCompiler.VirtualPath = "/localhost_51074"
		Release.AspNetCompiler.PhysicalPath = "AngularTemplate\"
		Release.AspNetCompiler.TargetPath = "PrecompiledWeb\localhost_51074\"
		Release.AspNetCompiler.Updateable = "true"
		Release.AspNetCompiler.ForceOverwrite = "true"
		Release.AspNetCompiler.FixedNames = "false"
		Release.AspNetCompiler.Debug = "False"
		VWDPort = "51074"
		SlnRelativePath = "AngularTemplate\"
	EndProjectSection
EndProject
Global
	GlobalSection(SolutionConfigurationPlatforms) = preSolution
		Debug|Any CPU = Debug|Any CPU
		Release|Any CPU = Release|Any CPU
	EndGlobalSection
	GlobalSection(ProjectConfigurationPlatforms) = postSolution
		{A50383F4-3FB9-45CF-85D9-AA9FADD55647}.Debug|Any CPU.ActiveCfg = Debug|Any CPU
		{A50383F4-3FB9-45CF-85D9-AA9FADD55647}.Debug|Any CPU.Build.0 = Debug|Any CPU
		{A50383F4-3FB9-45CF-85D9-AA9FADD55647}.Release|Any CPU.ActiveCfg = Release|Any CPU
		{A50383F4-3FB9-45CF-85D9-AA9FADD55647}.Release|Any CPU.Build.0 = Release|Any CPU
		{CDC0ED9F-F13F-4F04-87D2-28CA82012F0E}.Debug|Any CPU.ActiveCfg = Debug|Any CPU
		{CDC0ED9F-F13F-4F04-87D2-28CA82012F0E}.Debug|Any CPU.Build.0 = Debug|Any CPU
		{CDC0ED9F-F13F-4F04-87D2-28CA82012F0E}.Release|Any CPU.ActiveCfg = Debug|Any CPU
		{CDC0ED9F-F13F-4F04-87D2-28CA82012F0E}.Release|Any CPU.Build.0 = Debug|Any CPU
	EndGlobalSection
	GlobalSection(SolutionProperties) = preSolution
		HideSolutionNode = FALSE
	EndGlobalSection
	GlobalSection(ExtensibilityGlobals) = postSolution
		SolutionGuid = {271CB3FA-520E-4A6D-B292-42853C6050BC}
	EndGlobalSection
EndGlobal
